
Microsoft Visual Studio Solution File, Format Version 12.00
# Visual Studio Version 17
VisualStudioVersion = 17.5.002.0
MinimumVisualStudioVersion = 10.0.40219.1
Project("{9A19103F-16F7-4668-BE54-9A1E7A4F7556}") = "colections", "colections.csproj", "{0BBF5C45-7B26-4BDD-87DA-F6C7139651BE}"
EndProject
Global
	GlobalSection(SolutionConfigurationPlatforms) = preSolution
		Debug|Any CPU = Debug|Any CPU
		Release|Any CPU = Release|Any CPU
	EndGlobalSection
	GlobalSection(ProjectConfigurationPlatforms) = postSolution
		{0BBF5C45-7B26-4BDD-87DA-F6C7139651BE}.Debug|Any CPU.ActiveCfg = Debug|Any CPU
		{0BBF5C45-7B26-4BDD-87DA-F6C7139651BE}.Debug|Any CPU.Build.0 = Debug|Any CPU
		{0BBF5C45-7B26-4BDD-87DA-F6C7139651BE}.Release|Any CPU.ActiveCfg = Release|Any CPU
		{0BBF5C45-7B26-4BDD-87DA-F6C7139651BE}.Release|Any CPU.Build.0 = Release|Any CPU
	EndGlobalSection
	GlobalSection(SolutionProperties) = preSolution
		HideSolutionNode = FALSE
	EndGlobalSection
	GlobalSection(ExtensibilityGlobals) = postSolution
		SolutionGuid = {667B6B36-E97C-484E-B551-6A1DCD384C19}
	EndGlobalSection
EndGlobal
